
Microsoft Visual Studio Solution File, Format Version 12.00
# Visual Studio 2013
VisualStudioVersion = 12.0.31101.0
MinimumVisualStudioVersion = 10.0.40219.1
Project("{FAE04EC0-301F-11D3-BF4B-00C04F79EFBC}") = "LMS.Server", "LMS.Server\LMS.Server.csproj", "{43AE57EA-45E2-4518-8D5E-C4181C471570}"
EndProject
Project("{2150E333-8FDC-42A3-9474-1A3956D46DE8}") = "Solution Items", "Solution Items", "{A4D1D908-1DC6-4488-B6CB-109390921A2E}"
	ProjectSection(SolutionItems) = preProject
		WebEssentials2015-Settings.json = WebEssentials2015-Settings.json
	EndProjectSection
EndProject
Project("{FAE04EC0-301F-11D3-BF4B-00C04F79EFBC}") = "LMS.Client", "LMS.Client\LMS.Client.csproj", "{3D20058F-359C-4E8E-9BD4-38B5FADE363B}"
EndProject
Global
	GlobalSection(SolutionConfigurationPlatforms) = preSolution
		Debug|Any CPU = Debug|Any CPU
		Release|Any CPU = Release|Any CPU
	EndGlobalSection
	GlobalSection(ProjectConfigurationPlatforms) = postSolution
		{43AE57EA-45E2-4518-8D5E-C4181C471570}.Debug|Any CPU.ActiveCfg = Debug|Any CPU
		{43AE57EA-45E2-4518-8D5E-C4181C471570}.Debug|Any CPU.Build.0 = Debug|Any CPU
		{43AE57EA-45E2-4518-8D5E-C4181C471570}.Release|Any CPU.ActiveCfg = Release|Any CPU
		{43AE57EA-45E2-4518-8D5E-C4181C471570}.Release|Any CPU.Build.0 = Release|Any CPU
		{3D20058F-359C-4E8E-9BD4-38B5FADE363B}.Debug|Any CPU.ActiveCfg = Debug|Any CPU
		{3D20058F-359C-4E8E-9BD4-38B5FADE363B}.Debug|Any CPU.Build.0 = Debug|Any CPU
		{3D20058F-359C-4E8E-9BD4-38B5FADE363B}.Release|Any CPU.ActiveCfg = Release|Any CPU
		{3D20058F-359C-4E8E-9BD4-38B5FADE363B}.Release|Any CPU.Build.0 = Release|Any CPU
	EndGlobalSection
	GlobalSection(SolutionProperties) = preSolution
		HideSolutionNode = FALSE
	EndGlobalSection
EndGlobal
